
Microsoft Visual Studio Solution File, Format Version 12.00
# Visual Studio 2013
VisualStudioVersion = 12.0.21005.1
MinimumVisualStudioVersion = 10.0.40219.1
Project("{FAE04EC0-301F-11D3-BF4B-00C04F79EFBC}") = "Wonderland Private Server", "Wonderland Private Server.csproj", "{4B9B2879-7725-4CFD-B919-3DFE3FEAA076}"
EndProject
Project("{FAE04EC0-301F-11D3-BF4B-00C04F79EFBC}") = "WloPSrvUpdater", "WloPSrvUpdater\WloPSrvUpdater.csproj", "{8FB75DEE-2430-4856-B1A6-E4240D2F579F}"
EndProject
Project("{FAE04EC0-301F-11D3-BF4B-00C04F79EFBC}") = "GupdtSrv", "GupdtSrv\GupdtSrv.csproj", "{AD0E6A50-C8A5-42C1-BADF-5BC148FFDE01}"
EndProject
Global
	GlobalSection(SolutionConfigurationPlatforms) = preSolution
		Debug|Any CPU = Debug|Any CPU
		Release|Any CPU = Release|Any CPU
	EndGlobalSection
	GlobalSection(ProjectConfigurationPlatforms) = postSolution
		{4B9B2879-7725-4CFD-B919-3DFE3FEAA076}.Debug|Any CPU.ActiveCfg = Debug|Any CPU
		{4B9B2879-7725-4CFD-B919-3DFE3FEAA076}.Debug|Any CPU.Build.0 = Debug|Any CPU
		{4B9B2879-7725-4CFD-B919-3DFE3FEAA076}.Release|Any CPU.ActiveCfg = Release|Any CPU
		{4B9B2879-7725-4CFD-B919-3DFE3FEAA076}.Release|Any CPU.Build.0 = Release|Any CPU
		{8FB75DEE-2430-4856-B1A6-E4240D2F579F}.Debug|Any CPU.ActiveCfg = Release|Any CPU
		{8FB75DEE-2430-4856-B1A6-E4240D2F579F}.Debug|Any CPU.Build.0 = Release|Any CPU
		{8FB75DEE-2430-4856-B1A6-E4240D2F579F}.Release|Any CPU.ActiveCfg = Release|Any CPU
		{8FB75DEE-2430-4856-B1A6-E4240D2F579F}.Release|Any CPU.Build.0 = Release|Any CPU
		{AD0E6A50-C8A5-42C1-BADF-5BC148FFDE01}.Debug|Any CPU.ActiveCfg = Debug|Any CPU
		{AD0E6A50-C8A5-42C1-BADF-5BC148FFDE01}.Debug|Any CPU.Build.0 = Debug|Any CPU
		{AD0E6A50-C8A5-42C1-BADF-5BC148FFDE01}.Release|Any CPU.ActiveCfg = Release|Any CPU
		{AD0E6A50-C8A5-42C1-BADF-5BC148FFDE01}.Release|Any CPU.Build.0 = Release|Any CPU
	EndGlobalSection
	GlobalSection(SolutionProperties) = preSolution
		HideSolutionNode = FALSE
	EndGlobalSection
EndGlobal
