
Microsoft Visual Studio Solution File, Format Version 12.00
# Visual Studio 2012
Project("{FAE04EC0-301F-11D3-BF4B-00C04F79EFBC}") = "Wonderland Private Server", "Wonderland Private Server.csproj", "{4B9B2879-7725-4CFD-B919-3DFE3FEAA076}"
EndProject
Project("{FAE04EC0-301F-11D3-BF4B-00C04F79EFBC}") = "DBConnector", "DBConnector\DBConnector.csproj", "{6BBC2E05-AA32-455F-B0B2-72DBA562C8D4}"
EndProject
Project("{2150E333-8FDC-42A3-9474-1A3956D46DE8}") = ".nuget", ".nuget", "{77E68E29-2596-48EB-A6BE-DA71BC7838F2}"
	ProjectSection(SolutionItems) = preProject
		.nuget\NuGet.Config = .nuget\NuGet.Config
		.nuget\NuGet.exe = .nuget\NuGet.exe
		.nuget\NuGet.targets = .nuget\NuGet.targets
	EndProjectSection
EndProject
Global
	GlobalSection(SolutionConfigurationPlatforms) = preSolution
		Debug|Any CPU = Debug|Any CPU
		Release|Any CPU = Release|Any CPU
	EndGlobalSection
	GlobalSection(ProjectConfigurationPlatforms) = postSolution
		{4B9B2879-7725-4CFD-B919-3DFE3FEAA076}.Debug|Any CPU.ActiveCfg = Debug|Any CPU
		{4B9B2879-7725-4CFD-B919-3DFE3FEAA076}.Debug|Any CPU.Build.0 = Debug|Any CPU
		{4B9B2879-7725-4CFD-B919-3DFE3FEAA076}.Release|Any CPU.ActiveCfg = Release|Any CPU
		{4B9B2879-7725-4CFD-B919-3DFE3FEAA076}.Release|Any CPU.Build.0 = Release|Any CPU
		{6BBC2E05-AA32-455F-B0B2-72DBA562C8D4}.Debug|Any CPU.ActiveCfg = Debug|Any CPU
		{6BBC2E05-AA32-455F-B0B2-72DBA562C8D4}.Debug|Any CPU.Build.0 = Debug|Any CPU
		{6BBC2E05-AA32-455F-B0B2-72DBA562C8D4}.Release|Any CPU.ActiveCfg = Release|Any CPU
		{6BBC2E05-AA32-455F-B0B2-72DBA562C8D4}.Release|Any CPU.Build.0 = Release|Any CPU
	EndGlobalSection
	GlobalSection(SolutionProperties) = preSolution
		HideSolutionNode = FALSE
	EndGlobalSection
EndGlobal
